
Microsoft Visual Studio Solution File, Format Version 12.00
# Visual Studio 14
VisualStudioVersion = 14.0.23107.0
MinimumVisualStudioVersion = 10.0.40219.1
Project("{2150E333-8FDC-42A3-9474-1A3956D46DE8}") = "Solution Items", "Solution Items", "{1879EE60-569D-4163-B2A1-1C176FD2A1EC}"
	ProjectSection(SolutionItems) = preProject
		ReadmeCSharp.md = ReadmeCSharp.md
	EndProjectSection
EndProject
Project("{F2A71F9B-5D33-465A-A702-920D77279786}") = "TennisFSharp", "TennisFSharp\TennisFSharp.fsproj", "{47237AEF-8AFC-411B-A6FC-ECC02FB43E81}"
EndProject
Global
	GlobalSection(SolutionConfigurationPlatforms) = preSolution
		Debug|Any CPU = Debug|Any CPU
		Release|Any CPU = Release|Any CPU
	EndGlobalSection
	GlobalSection(ProjectConfigurationPlatforms) = postSolution
		{47237AEF-8AFC-411B-A6FC-ECC02FB43E81}.Debug|Any CPU.ActiveCfg = Debug|Any CPU
		{47237AEF-8AFC-411B-A6FC-ECC02FB43E81}.Debug|Any CPU.Build.0 = Debug|Any CPU
		{47237AEF-8AFC-411B-A6FC-ECC02FB43E81}.Release|Any CPU.ActiveCfg = Release|Any CPU
		{47237AEF-8AFC-411B-A6FC-ECC02FB43E81}.Release|Any CPU.Build.0 = Release|Any CPU
	EndGlobalSection
	GlobalSection(SolutionProperties) = preSolution
		HideSolutionNode = FALSE
	EndGlobalSection
EndGlobal
